
Microsoft Visual Studio Solution File, Format Version 12.00
# Visual Studio Version 16
VisualStudioVersion = 16.0.31112.23
MinimumVisualStudioVersion = 10.0.40219.1
Project("{FAE04EC0-301F-11D3-BF4B-00C04F79EFBC}") = "DR.Frameworks.Users", "src\DR.Frameworks.Users\DR.Frameworks.Users.csproj", "{5D37FF87-A662-402F-9D5A-73E694E70087}"
EndProject
Global
	GlobalSection(SolutionConfigurationPlatforms) = preSolution
		Debug|Any CPU = Debug|Any CPU
		Release|Any CPU = Release|Any CPU
	EndGlobalSection
	GlobalSection(ProjectConfigurationPlatforms) = postSolution
		{5D37FF87-A662-402F-9D5A-73E694E70087}.Debug|Any CPU.ActiveCfg = Debug|Any CPU
		{5D37FF87-A662-402F-9D5A-73E694E70087}.Debug|Any CPU.Build.0 = Debug|Any CPU
		{5D37FF87-A662-402F-9D5A-73E694E70087}.Release|Any CPU.ActiveCfg = Release|Any CPU
		{5D37FF87-A662-402F-9D5A-73E694E70087}.Release|Any CPU.Build.0 = Release|Any CPU
	EndGlobalSection
	GlobalSection(SolutionProperties) = preSolution
		HideSolutionNode = FALSE
	EndGlobalSection
	GlobalSection(ExtensibilityGlobals) = postSolution
		SolutionGuid = {9AEB3551-DCAF-4B7A-B529-17A4401A62A2}
	EndGlobalSection
EndGlobal
